
Microsoft Visual Studio Solution File, Format Version 12.00
# Visual Studio Version 16
VisualStudioVersion = 16.0.33529.622
MinimumVisualStudioVersion = 10.0.40219.1
Project("{FAE04EC0-301F-11D3-BF4B-00C04F79EFBC}") = "CarInsurance", "CarInsurance\CarInsurance.csproj", "{936911C0-D55B-4252-AE57-A1484CC13B50}"
EndProject
Global
	GlobalSection(SolutionConfigurationPlatforms) = preSolution
		Debug|Any CPU = Debug|Any CPU
		Release|Any CPU = Release|Any CPU
	EndGlobalSection
	GlobalSection(ProjectConfigurationPlatforms) = postSolution
		{936911C0-D55B-4252-AE57-A1484CC13B50}.Debug|Any CPU.ActiveCfg = Debug|Any CPU
		{936911C0-D55B-4252-AE57-A1484CC13B50}.Debug|Any CPU.Build.0 = Debug|Any CPU
		{936911C0-D55B-4252-AE57-A1484CC13B50}.Release|Any CPU.ActiveCfg = Release|Any CPU
		{936911C0-D55B-4252-AE57-A1484CC13B50}.Release|Any CPU.Build.0 = Release|Any CPU
	EndGlobalSection
	GlobalSection(SolutionProperties) = preSolution
		HideSolutionNode = FALSE
	EndGlobalSection
	GlobalSection(ExtensibilityGlobals) = postSolution
		SolutionGuid = {2CFF1A7B-1719-4E2E-BFF1-718B4D6CF2D4}
	EndGlobalSection
EndGlobal
